
Microsoft Visual Studio Solution File, Format Version 12.00
# Visual Studio 15
VisualStudioVersion = 15.0.28307.136
MinimumVisualStudioVersion = 10.0.40219.1
Project("{8BC9CEB8-8B4A-11D0-8D11-00A0C91BC942}") = "AP", "AP\AP.vcxproj", "{3674252B-5DC8-40CD-8DD0-0340D4E889FE}"
EndProject
Global
	GlobalSection(SolutionConfigurationPlatforms) = preSolution
		Debug|x64 = Debug|x64
		Debug|x86 = Debug|x86
		Release|x64 = Release|x64
		Release|x86 = Release|x86
	EndGlobalSection
	GlobalSection(ProjectConfigurationPlatforms) = postSolution
		{3674252B-5DC8-40CD-8DD0-0340D4E889FE}.Debug|x64.ActiveCfg = Debug|x64
		{3674252B-5DC8-40CD-8DD0-0340D4E889FE}.Debug|x64.Build.0 = Debug|x64
		{3674252B-5DC8-40CD-8DD0-0340D4E889FE}.Debug|x86.ActiveCfg = Debug|Win32
		{3674252B-5DC8-40CD-8DD0-0340D4E889FE}.Debug|x86.Build.0 = Debug|Win32
		{3674252B-5DC8-40CD-8DD0-0340D4E889FE}.Release|x64.ActiveCfg = Release|x64
		{3674252B-5DC8-40CD-8DD0-0340D4E889FE}.Release|x64.Build.0 = Release|x64
		{3674252B-5DC8-40CD-8DD0-0340D4E889FE}.Release|x86.ActiveCfg = Release|Win32
		{3674252B-5DC8-40CD-8DD0-0340D4E889FE}.Release|x86.Build.0 = Release|Win32
	EndGlobalSection
	GlobalSection(SolutionProperties) = preSolution
		HideSolutionNode = FALSE
	EndGlobalSection
	GlobalSection(ExtensibilityGlobals) = postSolution
		SolutionGuid = {8E99C550-42F5-4F19-A891-3C54E5237F69}
	EndGlobalSection
EndGlobal
